{
    "_meta": {
        "hash": {
            "sha256": "01ebefb595adc4f46727730344ff7ef429ec66d766fcc5bc6b9c485263b0eb41"
        },
        "pipfile-spec": 6,
        "requires": {
            "python_version": "3.7"
        },
        "sources": [
            {
                "name": "pypi",
                "url": "https://pypi.org/simple",
                "verify_ssl": true
            }
        ]
    },
    "default": {
        "marshmallow": {
            "hashes": [
                "sha256:0ba81b6da4ae69eb229b74b3c741ff13fe04fb899824377b1aff5aaa1a9fd46e",
                "sha256:3e53dd9e9358977a3929e45cdbe4a671f9eff53a7d6a23f33ed3eab8c1890d8f"
            ],
            "index": "pypi",
            "version": "==3.3.0"
        }
    },
    "develop": {}
}
